
Microsoft Visual Studio Solution File, Format Version 12.00
# Visual Studio Version 16
VisualStudioVersion = 16.0.31321.278
MinimumVisualStudioVersion = 10.0.40219.1
Project("{FAE04EC0-301F-11D3-BF4B-00C04F79EFBC}") = "Presentacion", "Presentacion\Presentacion.csproj", "{A6437C04-0A37-4891-B97E-FAF4B45C1A20}"
EndProject
Project("{FAE04EC0-301F-11D3-BF4B-00C04F79EFBC}") = "Entity", "Entity\Entity.csproj", "{8301E55F-3759-4EC1-AC06-9FB4EA80B86E}"
EndProject
Project("{FAE04EC0-301F-11D3-BF4B-00C04F79EFBC}") = "BLL", "BLL\BLL.csproj", "{0E7DC28C-8ACB-4C5B-A2D5-91755C6C0765}"
EndProject
Project("{FAE04EC0-301F-11D3-BF4B-00C04F79EFBC}") = "DAL", "DAL\DAL.csproj", "{3B00ECAB-A746-43B8-9F59-266C2065606E}"
EndProject
Global
	GlobalSection(SolutionConfigurationPlatforms) = preSolution
		Debug|Any CPU = Debug|Any CPU
		Release|Any CPU = Release|Any CPU
	EndGlobalSection
	GlobalSection(ProjectConfigurationPlatforms) = postSolution
		{A6437C04-0A37-4891-B97E-FAF4B45C1A20}.Debug|Any CPU.ActiveCfg = Debug|Any CPU
		{A6437C04-0A37-4891-B97E-FAF4B45C1A20}.Debug|Any CPU.Build.0 = Debug|Any CPU
		{A6437C04-0A37-4891-B97E-FAF4B45C1A20}.Release|Any CPU.ActiveCfg = Release|Any CPU
		{A6437C04-0A37-4891-B97E-FAF4B45C1A20}.Release|Any CPU.Build.0 = Release|Any CPU
		{8301E55F-3759-4EC1-AC06-9FB4EA80B86E}.Debug|Any CPU.ActiveCfg = Debug|Any CPU
		{8301E55F-3759-4EC1-AC06-9FB4EA80B86E}.Debug|Any CPU.Build.0 = Debug|Any CPU
		{8301E55F-3759-4EC1-AC06-9FB4EA80B86E}.Release|Any CPU.ActiveCfg = Release|Any CPU
		{8301E55F-3759-4EC1-AC06-9FB4EA80B86E}.Release|Any CPU.Build.0 = Release|Any CPU
		{0E7DC28C-8ACB-4C5B-A2D5-91755C6C0765}.Debug|Any CPU.ActiveCfg = Debug|Any CPU
		{0E7DC28C-8ACB-4C5B-A2D5-91755C6C0765}.Debug|Any CPU.Build.0 = Debug|Any CPU
		{0E7DC28C-8ACB-4C5B-A2D5-91755C6C0765}.Release|Any CPU.ActiveCfg = Release|Any CPU
		{0E7DC28C-8ACB-4C5B-A2D5-91755C6C0765}.Release|Any CPU.Build.0 = Release|Any CPU
		{3B00ECAB-A746-43B8-9F59-266C2065606E}.Debug|Any CPU.ActiveCfg = Debug|Any CPU
		{3B00ECAB-A746-43B8-9F59-266C2065606E}.Debug|Any CPU.Build.0 = Debug|Any CPU
		{3B00ECAB-A746-43B8-9F59-266C2065606E}.Release|Any CPU.ActiveCfg = Release|Any CPU
		{3B00ECAB-A746-43B8-9F59-266C2065606E}.Release|Any CPU.Build.0 = Release|Any CPU
	EndGlobalSection
	GlobalSection(SolutionProperties) = preSolution
		HideSolutionNode = FALSE
	EndGlobalSection
	GlobalSection(ExtensibilityGlobals) = postSolution
		SolutionGuid = {6630A983-D2C0-4793-B777-DDB482019764}
	EndGlobalSection
EndGlobal
